
Microsoft Visual Studio Solution File, Format Version 12.00
# Visual Studio 15
VisualStudioVersion = 15.0.27703.2047
MinimumVisualStudioVersion = 10.0.40219.1
Project("{8BC9CEB8-8B4A-11D0-8D11-00A0C91BC942}") = "smartHome", "smartHome\smartHome.vcxproj", "{BE7FDA63-9FDE-4340-A2DB-AAFE46777831}"
EndProject
Global
	GlobalSection(SolutionConfigurationPlatforms) = preSolution
		Debug|ARM = Debug|ARM
		Release|ARM = Release|ARM
	EndGlobalSection
	GlobalSection(ProjectConfigurationPlatforms) = postSolution
		{BE7FDA63-9FDE-4340-A2DB-AAFE46777831}.Debug|ARM.ActiveCfg = Debug|ARM
		{BE7FDA63-9FDE-4340-A2DB-AAFE46777831}.Debug|ARM.Build.0 = Debug|ARM
		{BE7FDA63-9FDE-4340-A2DB-AAFE46777831}.Release|ARM.ActiveCfg = Release|ARM
		{BE7FDA63-9FDE-4340-A2DB-AAFE46777831}.Release|ARM.Build.0 = Release|ARM
	EndGlobalSection
	GlobalSection(SolutionProperties) = preSolution
		HideSolutionNode = FALSE
	EndGlobalSection
	GlobalSection(ExtensibilityGlobals) = postSolution
		SolutionGuid = {69D6F645-0084-458B-B698-F19831947A27}
	EndGlobalSection
EndGlobal
